// !$*UTF8*$!
{
	archiveVersion = 1;
	classes = {
	};
	objectVersion = 50;
	objects = {

/* Begin PBXBuildFile section */
		0000DDDD21B5CF2B00E786EF /* Item.swift in Sources */ = {isa = PBXBuildFile; fileRef = 0000DDDC21B5CF2B00E786EF /* Item.swift */; };
		0000DDDF21B5CF3400E786EF /* Category.swift in Sources */ = {isa = PBXBuildFile; fileRef = 0000DDDE21B5CF3400E786EF /* Category.swift */; };
		00463E1321B4698C0028C4A4 /* CategoryViewController.swift in Sources */ = {isa = PBXBuildFile; fileRef = 00463E1221B4698C0028C4A4 /* CategoryViewController.swift */; };
		005ADE4621AFB256000F99F5 /* AppDelegate.swift in Sources */ = {isa = PBXBuildFile; fileRef = 005ADE4521AFB256000F99F5 /* AppDelegate.swift */; };
		005ADE4821AFB256000F99F5 /* TodoListViewController.swift in Sources */ = {isa = PBXBuildFile; fileRef = 005ADE4721AFB256000F99F5 /* TodoListViewController.swift */; };
		005ADE4B21AFB256000F99F5 /* Main.storyboard in Resources */ = {isa = PBXBuildFile; fileRef = 005ADE4921AFB256000F99F5 /* Main.storyboard */; };
		005ADE4D21AFB271000F99F5 /* Assets.xcassets in Resources */ = {isa = PBXBuildFile; fileRef = 005ADE4C21AFB271000F99F5 /* Assets.xcassets */; };
		005ADE5021AFB271000F99F5 /* LaunchScreen.storyboard in Resources */ = {isa = PBXBuildFile; fileRef = 005ADE4E21AFB271000F99F5 /* LaunchScreen.storyboard */; };
		0D0D2CB11C0650D284F08155 /* Pods_Todoey.framework in Frameworks */ = {isa = PBXBuildFile; fileRef = A7151E7F9596AE25FDC862D6 /* Pods_Todoey.framework */; };
/* End PBXBuildFile section */

/* Begin PBXFileReference section */
		0000DDDC21B5CF2B00E786EF /* Item.swift */ = {isa = PBXFileReference; lastKnownFileType = sourcecode.swift; path = Item.swift; sourceTree = "<group>"; };
		0000DDDE21B5CF3400E786EF /* Category.swift */ = {isa = PBXFileReference; lastKnownFileType = sourcecode.swift; path = Category.swift; sourceTree = "<group>"; };
		00463E1221B4698C0028C4A4 /* CategoryViewController.swift */ = {isa = PBXFileReference; lastKnownFileType = sourcecode.swift; path = CategoryViewController.swift; sourceTree = "<group>"; };
		005ADE4221AFB256000F99F5 /* Todoey.app */ = {isa = PBXFileReference; explicitFileType = wrapper.application; includeInIndex = 0; path = Todoey.app; sourceTree = BUILT_PRODUCTS_DIR; };
		005ADE4521AFB256000F99F5 /* AppDelegate.swift */ = {isa = PBXFileReference; lastKnownFileType = sourcecode.swift; path = AppDelegate.swift; sourceTree = "<group>"; };
		005ADE4721AFB256000F99F5 /* TodoListViewController.swift */ = {isa = PBXFileReference; lastKnownFileType = sourcecode.swift; path = TodoListViewController.swift; sourceTree = "<group>"; };
		005ADE4A21AFB256000F99F5 /* Base */ = {isa = PBXFileReference; lastKnownFileType = file.storyboard; name = Base; path = Base.lproj/Main.storyboard; sourceTree = "<group>"; };
		005ADE4C21AFB271000F99F5 /* Assets.xcassets */ = {isa = PBXFileReference; lastKnownFileType = folder.assetcatalog; path = Assets.xcassets; sourceTree = "<group>"; };
		005ADE4F21AFB271000F99F5 /* Base */ = {isa = PBXFileReference; lastKnownFileType = file.storyboard; name = Base; path = Base.lproj/LaunchScreen.storyboard; sourceTree = "<group>"; };
		005ADE5121AFB271000F99F5 /* Info.plist */ = {isa = PBXFileReference; lastKnownFileType = text.plist.xml; path = Info.plist; sourceTree = "<group>"; };
		0867E3631728DAA9F5B40665 /* Pods-Todoey.release.xcconfig */ = {isa = PBXFileReference; includeInIndex = 1; lastKnownFileType = text.xcconfig; name = "Pods-Todoey.release.xcconfig"; path = "Pods/Target Support Files/Pods-Todoey/Pods-Todoey.release.xcconfig"; sourceTree = "<group>"; };
		6FA7F64BDF198737029664C3 /* Pods-Todoey.debug.xcconfig */ = {isa = PBXFileReference; includeInIndex = 1; lastKnownFileType = text.xcconfig; name = "Pods-Todoey.debug.xcconfig"; path = "Pods/Target Support Files/Pods-Todoey/Pods-Todoey.debug.xcconfig"; sourceTree = "<group>"; };
		A7151E7F9596AE25FDC862D6 /* Pods_Todoey.framework */ = {isa = PBXFileReference; explicitFileType = wrapper.framework; includeInIndex = 0; path = Pods_Todoey.framework; sourceTree = BUILT_PRODUCTS_DIR; };
/* End PBXFileReference section */

/* Begin PBXFrameworksBuildPhase section */
		005ADE3F21AFB255000F99F5 /* Frameworks */ = {
			isa = PBXFrameworksBuildPhase;
			buildActionMask = 2147483647;
			files = (
				0D0D2CB11C0650D284F08155 /* Pods_Todoey.framework in Frameworks */,
			);
			runOnlyForDeploymentPostprocessing = 0;
		};
/* End PBXFrameworksBuildPhase section */

/* Begin PBXGroup section */
		005ADE3921AFB255000F99F5 = {
			isa = PBXGroup;
			children = (
				005ADE4421AFB256000F99F5 /* Todoey */,
				005ADE4321AFB256000F99F5 /* Products */,
				F4563C4EC70C26D6F4790F51 /* Pods */,
				CEB5F71CCF7B43E41D20297A /* Frameworks */,
			);
			sourceTree = "<group>";
		};
		005ADE4321AFB256000F99F5 /* Products */ = {
			isa = PBXGroup;
			children = (
				005ADE4221AFB256000F99F5 /* Todoey.app */,
			);
			name = Products;
			sourceTree = "<group>";
		};
		005ADE4421AFB256000F99F5 /* Todoey */ = {
			isa = PBXGroup;
			children = (
				005ADE4521AFB256000F99F5 /* AppDelegate.swift */,
				005ADE5A21B0AF64000F99F5 /* Controllers */,
				005ADE5921B0AF5C000F99F5 /* Data Model */,
				005ADE5B21B0AF6F000F99F5 /* Views */,
				005ADE5C21B0AF8A000F99F5 /* Supporting Files */,
				005ADE5121AFB271000F99F5 /* Info.plist */,
			);
			path = Todoey;
			sourceTree = "<group>";
		};
		005ADE5921B0AF5C000F99F5 /* Data Model */ = {
			isa = PBXGroup;
			children = (
				0000DDDE21B5CF3400E786EF /* Category.swift */,
				0000DDDC21B5CF2B00E786EF /* Item.swift */,
			);
			path = "Data Model";
			sourceTree = "<group>";
		};
		005ADE5A21B0AF64000F99F5 /* Controllers */ = {
			isa = PBXGroup;
			children = (
				00463E1221B4698C0028C4A4 /* CategoryViewController.swift */,
				005ADE4721AFB256000F99F5 /* TodoListViewController.swift */,
			);
			path = Controllers;
			sourceTree = "<group>";
		};
		005ADE5B21B0AF6F000F99F5 /* Views */ = {
			isa = PBXGroup;
			children = (
				005ADE4921AFB256000F99F5 /* Main.storyboard */,
			);
			path = Views;
			sourceTree = "<group>";
		};
		005ADE5C21B0AF8A000F99F5 /* Supporting Files */ = {
			isa = PBXGroup;
			children = (
				005ADE4C21AFB271000F99F5 /* Assets.xcassets */,
				005ADE4E21AFB271000F99F5 /* LaunchScreen.storyboard */,
			);
			path = "Supporting Files";
			sourceTree = "<group>";
		};
		CEB5F71CCF7B43E41D20297A /* Frameworks */ = {
			isa = PBXGroup;
			children = (
				A7151E7F9596AE25FDC862D6 /* Pods_Todoey.framework */,
			);
			name = Frameworks;
			sourceTree = "<group>";
		};
		F4563C4EC70C26D6F4790F51 /* Pods */ = {
			isa = PBXGroup;
			children = (
				6FA7F64BDF198737029664C3 /* Pods-Todoey.debug.xcconfig */,
				0867E3631728DAA9F5B40665 /* Pods-Todoey.release.xcconfig */,
			);
			name = Pods;
			sourceTree = "<group>";
		};
/* End PBXGroup section */

/* Begin PBXNativeTarget section */
		005ADE4121AFB255000F99F5 /* Todoey */ = {
			isa = PBXNativeTarget;
			buildConfigurationList = 005ADE5421AFB271000F99F5 /* Build configuration list for PBXNativeTarget "Todoey" */;
			buildPhases = (
				9FF465B7A461BC158654FA69 /* [CP] Check Pods Manifest.lock */,
				005ADE3E21AFB255000F99F5 /* Sources */,
				005ADE3F21AFB255000F99F5 /* Frameworks */,
				005ADE4021AFB255000F99F5 /* Resources */,
				AFBF7EB6495F0CC6A21E2F41 /* [CP] Embed Pods Frameworks */,
			);
			buildRules = (
			);
			dependencies = (
			);
			name = Todoey;
			productName = Todoey;
			productReference = 005ADE4221AFB256000F99F5 /* Todoey.app */;
			productType = "com.apple.product-type.application";
		};
/* End PBXNativeTarget section */

/* Begin PBXProject section */
		005ADE3A21AFB255000F99F5 /* Project object */ = {
			isa = PBXProject;
			attributes = {
				LastSwiftUpdateCheck = 1010;
				LastUpgradeCheck = 1010;
				ORGANIZATIONNAME = Lydia;
				TargetAttributes = {
					005ADE4121AFB255000F99F5 = {
						CreatedOnToolsVersion = 10.1;
					};
				};
			};
			buildConfigurationList = 005ADE3D21AFB255000F99F5 /* Build configuration list for PBXProject "Todoey" */;
			compatibilityVersion = "Xcode 9.3";
			developmentRegion = en;
			hasScannedForEncodings = 0;
			knownRegions = (
				en,
				Base,
			);
			mainGroup = 005ADE3921AFB255000F99F5;
			productRefGroup = 005ADE4321AFB256000F99F5 /* Products */;
			projectDirPath = "";
			projectRoot = "";
			targets = (
				005ADE4121AFB255000F99F5 /* Todoey */,
			);
		};
/* End PBXProject section */

/* Begin PBXResourcesBuildPhase section */
		005ADE4021AFB255000F99F5 /* Resources */ = {
			isa = PBXResourcesBuildPhase;
			buildActionMask = 2147483647;
			files = (
				005ADE5021AFB271000F99F5 /* LaunchScreen.storyboard in Resources */,
				005ADE4D21AFB271000F99F5 /* Assets.xcassets in Resources */,
				005ADE4B21AFB256000F99F5 /* Main.storyboard in Resources */,
			);
			runOnlyForDeploymentPostprocessing = 0;
		};
/* End PBXResourcesBuildPhase section */

/* Begin PBXShellScriptBuildPhase section */
		9FF465B7A461BC158654FA69 /* [CP] Check Pods Manifest.lock */ = {
			isa = PBXShellScriptBuildPhase;
			buildActionMask = 2147483647;
			files = (
			);
			inputFileListPaths = (
			);
			inputPaths = (
				"${PODS_PODFILE_DIR_PATH}/Podfile.lock",
				"${PODS_ROOT}/Manifest.lock",
			);
			name = "[CP] Check Pods Manifest.lock";
			outputFileListPaths = (
			);
			outputPaths = (
				"$(DERIVED_FILE_DIR)/Pods-Todoey-checkManifestLockResult.txt",
			);
			runOnlyForDeploymentPostprocessing = 0;
			shellPath = /bin/sh;
			shellScript = "diff \"${PODS_PODFILE_DIR_PATH}/Podfile.lock\" \"${PODS_ROOT}/Manifest.lock\" > /dev/null\nif [ $? != 0 ] ; then\n    # print error to STDERR\n    echo \"error: The sandbox is not in sync with the Podfile.lock. Run 'pod install' or update your CocoaPods installation.\" >&2\n    exit 1\nfi\n# This output is used by Xcode 'outputs' to avoid re-running this script phase.\necho \"SUCCESS\" > \"${SCRIPT_OUTPUT_FILE_0}\"\n";
			showEnvVarsInLog = 0;
		};
		AFBF7EB6495F0CC6A21E2F41 /* [CP] Embed Pods Frameworks */ = {
			isa = PBXShellScriptBuildPhase;
			buildActionMask = 2147483647;
			files = (
			);
			inputFileListPaths = (
			);
			inputPaths = (
				"${SRCROOT}/Pods/Target Support Files/Pods-Todoey/Pods-Todoey-frameworks.sh",
				"${BUILT_PRODUCTS_DIR}/Realm/Realm.framework",
				"${BUILT_PRODUCTS_DIR}/RealmSwift/RealmSwift.framework",
				"${BUILT_PRODUCTS_DIR}/SwipeCellKit/SwipeCellKit.framework",
			);
			name = "[CP] Embed Pods Frameworks";
			outputFileListPaths = (
			);
			outputPaths = (
				"${TARGET_BUILD_DIR}/${FRAMEWORKS_FOLDER_PATH}/Realm.framework",
				"${TARGET_BUILD_DIR}/${FRAMEWORKS_FOLDER_PATH}/RealmSwift.framework",
				"${TARGET_BUILD_DIR}/${FRAMEWORKS_FOLDER_PATH}/SwipeCellKit.framework",
			);
			runOnlyForDeploymentPostprocessing = 0;
			shellPath = /bin/sh;
			shellScript = "\"${SRCROOT}/Pods/Target Support Files/Pods-Todoey/Pods-Todoey-frameworks.sh\"\n";
			showEnvVarsInLog = 0;
		};
/* End PBXShellScriptBuildPhase section */

/* Begin PBXSourcesBuildPhase section */
		005ADE3E21AFB255000F99F5 /* Sources */ = {
			isa = PBXSourcesBuildPhase;
			buildActionMask = 2147483647;
			files = (
				0000DDDD21B5CF2B00E786EF /* Item.swift in Sources */,
				00463E1321B4698C0028C4A4 /* CategoryViewController.swift in Sources */,
				005ADE4821AFB256000F99F5 /* TodoListViewController.swift in Sources */,
				005ADE4621AFB256000F99F5 /* AppDelegate.swift in Sources */,
				0000DDDF21B5CF3400E786EF /* Category.swift in Sources */,
			);
			runOnlyForDeploymentPostprocessing = 0;
		};
/* End PBXSourcesBuildPhase section */

/* Begin PBXVariantGroup section */
		005ADE4921AFB256000F99F5 /* Main.storyboard */ = {
			isa = PBXVariantGroup;
			children = (
				005ADE4A21AFB256000F99F5 /* Base */,
			);
			name = Main.storyboard;
			sourceTree = "<group>";
		};
		005ADE4E21AFB271000F99F5 /* LaunchScreen.storyboard */ = {
			isa = PBXVariantGroup;
			children = (
				005ADE4F21AFB271000F99F5 /* Base */,
			);
			name = LaunchScreen.storyboard;
			sourceTree = "<group>";
		};
/* End PBXVariantGroup section */

/* Begin XCBuildConfiguration section */
		005ADE5221AFB271000F99F5 /* Debug */ = {
			isa = XCBuildConfiguration;
			buildSettings = {
				ALWAYS_SEARCH_USER_PATHS = NO;
				CLANG_ANALYZER_NONNULL = YES;
				CLANG_ANALYZER_NUMBER_OBJECT_CONVERSION = YES_AGGRESSIVE;
				CLANG_CXX_LANGUAGE_STANDARD = "gnu++14";
				CLANG_CXX_LIBRARY = "libc++";
				CLANG_ENABLE_MODULES = YES;
				CLANG_ENABLE_OBJC_ARC = YES;
				CLANG_ENABLE_OBJC_WEAK = YES;
				CLANG_WARN_BLOCK_CAPTURE_AUTORELEASING = YES;
				CLANG_WARN_BOOL_CONVERSION = YES;
				CLANG_WARN_COMMA = YES;
				CLANG_WARN_CONSTANT_CONVERSION = YES;
				CLANG_WARN_DEPRECATED_OBJC_IMPLEMENTATIONS = YES;
				CLANG_WARN_DIRECT_OBJC_ISA_USAGE = YES_ERROR;
				CLANG_WARN_DOCUMENTATION_COMMENTS = YES;
				CLANG_WARN_EMPTY_BODY = YES;
				CLANG_WARN_ENUM_CONVERSION = YES;
				CLANG_WARN_INFINITE_RECURSION = YES;
				CLANG_WARN_INT_CONVERSION = YES;
				CLANG_WARN_NON_LITERAL_NULL_CONVERSION = YES;
				CLANG_WARN_OBJC_IMPLICIT_RETAIN_SELF = YES;
				CLANG_WARN_OBJC_LITERAL_CONVERSION = YES;
				CLANG_WARN_OBJC_ROOT_CLASS = YES_ERROR;
				CLANG_WARN_RANGE_LOOP_ANALYSIS = YES;
				CLANG_WARN_STRICT_PROTOTYPES = YES;
				CLANG_WARN_SUSPICIOUS_MOVE = YES;
				CLANG_WARN_UNGUARDED_AVAILABILITY = YES_AGGRESSIVE;
				CLANG_WARN_UNREACHABLE_CODE = YES;
				CLANG_WARN__DUPLICATE_METHOD_MATCH = YES;
				CODE_SIGN_IDENTITY = "iPhone Developer";
				COPY_PHASE_STRIP = NO;
				DEBUG_INFORMATION_FORMAT = dwarf;
				ENABLE_STRICT_OBJC_MSGSEND = YES;
				ENABLE_TESTABILITY = YES;
				GCC_C_LANGUAGE_STANDARD = gnu11;
				GCC_DYNAMIC_NO_PIC = NO;
				GCC_NO_COMMON_BLOCKS = YES;
				GCC_OPTIMIZATION_LEVEL = 0;
				GCC_PREPROCESSOR_DEFINITIONS = (
					"DEBUG=1",
					"$(inherited)",
				);
				GCC_WARN_64_TO_32_BIT_CONVERSION = YES;
				GCC_WARN_ABOUT_RETURN_TYPE = YES_ERROR;
				GCC_WARN_UNDECLARED_SELECTOR = YES;
				GCC_WARN_UNINITIALIZED_AUTOS = YES_AGGRESSIVE;
				GCC_WARN_UNUSED_FUNCTION = YES;
				GCC_WARN_UNUSED_VARIABLE = YES;
				IPHONEOS_DEPLOYMENT_TARGET = 12.1;
				MTL_ENABLE_DEBUG_INFO = INCLUDE_SOURCE;
				MTL_FAST_MATH = YES;
				ONLY_ACTIVE_ARCH = YES;
				SDKROOT = iphoneos;
				SWIFT_ACTIVE_COMPILATION_CONDITIONS = DEBUG;
				SWIFT_OPTIMIZATION_LEVEL = "-Onone";
			};
			name = Debug;
		};
		005ADE5321AFB271000F99F5 /* Release */ = {
			isa = XCBuildConfiguration;
			buildSettings = {
				ALWAYS_SEARCH_USER_PATHS = NO;
				CLANG_ANALYZER_NONNULL = YES;
				CLANG_ANALYZER_NUMBER_OBJECT_CONVERSION = YES_AGGRESSIVE;
				CLANG_CXX_LANGUAGE_STANDARD = "gnu++14";
				CLANG_CXX_LIBRARY = "libc++";
				CLANG_ENABLE_MODULES = YES;
				CLANG_ENABLE_OBJC_ARC = YES;
				CLANG_ENABLE_OBJC_WEAK = YES;
				CLANG_WARN_BLOCK_CAPTURE_AUTORELEASING = YES;
				CLANG_WARN_BOOL_CONVERSION = YES;
				CLANG_WARN_COMMA = YES;
				CLANG_WARN_CONSTANT_CONVERSION = YES;
				CLANG_WARN_DEPRECATED_OBJC_IMPLEMENTATIONS = YES;
				CLANG_WARN_DIRECT_OBJC_ISA_USAGE = YES_ERROR;
				CLANG_WARN_DOCUMENTATION_COMMENTS = YES;
				CLANG_WARN_EMPTY_BODY = YES;
				CLANG_WARN_ENUM_CONVERSION = YES;
				CLANG_WARN_INFINITE_RECURSION = YES;
				CLANG_WARN_INT_CONVERSION = YES;
				CLANG_WARN_NON_LITERAL_NULL_CONVERSION = YES;
				CLANG_WARN_OBJC_IMPLICIT_RETAIN_SELF = YES;
				CLANG_WARN_OBJC_LITERAL_CONVERSION = YES;
				CLANG_WARN_OBJC_ROOT_CLASS = YES_ERROR;
				CLANG_WARN_RANGE_LOOP_ANALYSIS = YES;
				CLANG_WARN_STRICT_PROTOTYPES = YES;
				CLANG_WARN_SUSPICIOUS_MOVE = YES;
				CLANG_WARN_UNGUARDED_AVAILABILITY = YES_AGGRESSIVE;
				CLANG_WARN_UNREACHABLE_CODE = YES;
				CLANG_WARN__DUPLICATE_METHOD_MATCH = YES;
				CODE_SIGN_IDENTITY = "iPhone Developer";
				COPY_PHASE_STRIP = NO;
				DEBUG_INFORMATION_FORMAT = "dwarf-with-dsym";
				ENABLE_NS_ASSERTIONS = NO;
				ENABLE_STRICT_OBJC_MSGSEND = YES;
				GCC_C_LANGUAGE_STANDARD = gnu11;
				GCC_NO_COMMON_BLOCKS = YES;
				GCC_WARN_64_TO_32_BIT_CONVERSION = YES;
				GCC_WARN_ABOUT_RETURN_TYPE = YES_ERROR;
				GCC_WARN_UNDECLARED_SELECTOR = YES;
				GCC_WARN_UNINITIALIZED_AUTOS = YES_AGGRESSIVE;
				GCC_WARN_UNUSED_FUNCTION = YES;
				GCC_WARN_UNUSED_VARIABLE = YES;
				IPHONEOS_DEPLOYMENT_TARGET = 12.1;
				MTL_ENABLE_DEBUG_INFO = NO;
				MTL_FAST_MATH = YES;
				SDKROOT = iphoneos;
				SWIFT_COMPILATION_MODE = wholemodule;
				SWIFT_OPTIMIZATION_LEVEL = "-O";
				VALIDATE_PRODUCT = YES;
			};
			name = Release;
		};
		005ADE5521AFB271000F99F5 /* Debug */ = {
			isa = XCBuildConfiguration;
			baseConfigurationReference = 6FA7F64BDF198737029664C3 /* Pods-Todoey.debug.xcconfig */;
			buildSettings = {
				ASSETCATALOG_COMPILER_APPICON_NAME = AppIcon;
				CODE_SIGN_STYLE = Automatic;
				DEVELOPMENT_TEAM = W39Y8R7382;
				INFOPLIST_FILE = Todoey/Info.plist;
				LD_RUNPATH_SEARCH_PATHS = (
					"$(inherited)",
					"@executable_path/Frameworks",
				);
				PRODUCT_BUNDLE_IDENTIFIER = com.aguaderosas.Todoey;
				PRODUCT_NAME = "$(TARGET_NAME)";
				SWIFT_VERSION = 4.2;
				TARGETED_DEVICE_FAMILY = "1,2";
			};
			name = Debug;
		};
		005ADE5621AFB271000F99F5 /* Release */ = {
			isa = XCBuildConfiguration;
			baseConfigurationReference = 0867E3631728DAA9F5B40665 /* Pods-Todoey.release.xcconfig */;
			buildSettings = {
				ASSETCATALOG_COMPILER_APPICON_NAME = AppIcon;
				CODE_SIGN_STYLE = Automatic;
				DEVELOPMENT_TEAM = W39Y8R7382;
				INFOPLIST_FILE = Todoey/Info.plist;
				LD_RUNPATH_SEARCH_PATHS = (
					"$(inherited)",
					"@executable_path/Frameworks",
				);
				PRODUCT_BUNDLE_IDENTIFIER = com.aguaderosas.Todoey;
				PRODUCT_NAME = "$(TARGET_NAME)";
				SWIFT_VERSION = 4.2;
				TARGETED_DEVICE_FAMILY = "1,2";
			};
			name = Release;
		};
/* End XCBuildConfiguration section */

/* Begin XCConfigurationList section */
		005ADE3D21AFB255000F99F5 /* Build configuration list for PBXProject "Todoey" */ = {
			isa = XCConfigurationList;
			buildConfigurations = (
				005ADE5221AFB271000F99F5 /* Debug */,
				005ADE5321AFB271000F99F5 /* Release */,
			);
			defaultConfigurationIsVisible = 0;
			defaultConfigurationName = Release;
		};
		005ADE5421AFB271000F99F5 /* Build configuration list for PBXNativeTarget "Todoey" */ = {
			isa = XCConfigurationList;
			buildConfigurations = (
				005ADE5521AFB271000F99F5 /* Debug */,
				005ADE5621AFB271000F99F5 /* Release */,
			);
			defaultConfigurationIsVisible = 0;
			defaultConfigurationName = Release;
		};
/* End XCConfigurationList section */
	};
	rootObject = 005ADE3A21AFB255000F99F5 /* Project object */;
}
